
Microsoft Visual Studio Solution File, Format Version 12.00
# Visual Studio Version 17
VisualStudioVersion = 17.8.34316.72
MinimumVisualStudioVersion = 10.0.40219.1
Project("{9A19103F-16F7-4668-BE54-9A1E7A4F7556}") = "FormGOL", "FormGOL\FormGOL.csproj", "{9ADA3F59-A26F-4868-A9BD-4AD5A983EB89}"
EndProject
Project("{9A19103F-16F7-4668-BE54-9A1E7A4F7556}") = "ClassGOL", "ClassGOL\ClassGOL.csproj", "{9F8F06B1-200C-43FB-8870-AE08BB611224}"
EndProject
Project("{FAE04EC0-301F-11D3-BF4B-00C04F79EFBC}") = "TestClassGOL", "TestClassGOL\TestClassGOL.csproj", "{4F85827C-35F4-420D-AA48-BC16BF353583}"
EndProject
Project("{FAE04EC0-301F-11D3-BF4B-00C04F79EFBC}") = "TestGOL", "TestGOL\TestGOL.csproj", "{F5414A86-AD3E-424C-9897-C19A2FA3B182}"
EndProject
Global
	GlobalSection(SolutionConfigurationPlatforms) = preSolution
		Debug|Any CPU = Debug|Any CPU
		Debug|ARM = Debug|ARM
		Debug|ARM64 = Debug|ARM64
		Debug|x64 = Debug|x64
		Debug|x86 = Debug|x86
		Release|Any CPU = Release|Any CPU
		Release|ARM = Release|ARM
		Release|ARM64 = Release|ARM64
		Release|x64 = Release|x64
		Release|x86 = Release|x86
	EndGlobalSection
	GlobalSection(ProjectConfigurationPlatforms) = postSolution
		{9ADA3F59-A26F-4868-A9BD-4AD5A983EB89}.Debug|Any CPU.ActiveCfg = Debug|Any CPU
		{9ADA3F59-A26F-4868-A9BD-4AD5A983EB89}.Debug|Any CPU.Build.0 = Debug|Any CPU
		{9ADA3F59-A26F-4868-A9BD-4AD5A983EB89}.Debug|ARM.ActiveCfg = Debug|Any CPU
		{9ADA3F59-A26F-4868-A9BD-4AD5A983EB89}.Debug|ARM.Build.0 = Debug|Any CPU
		{9ADA3F59-A26F-4868-A9BD-4AD5A983EB89}.Debug|ARM64.ActiveCfg = Debug|Any CPU
		{9ADA3F59-A26F-4868-A9BD-4AD5A983EB89}.Debug|ARM64.Build.0 = Debug|Any CPU
		{9ADA3F59-A26F-4868-A9BD-4AD5A983EB89}.Debug|x64.ActiveCfg = Debug|Any CPU
		{9ADA3F59-A26F-4868-A9BD-4AD5A983EB89}.Debug|x64.Build.0 = Debug|Any CPU
		{9ADA3F59-A26F-4868-A9BD-4AD5A983EB89}.Debug|x86.ActiveCfg = Debug|Any CPU
		{9ADA3F59-A26F-4868-A9BD-4AD5A983EB89}.Debug|x86.Build.0 = Debug|Any CPU
		{9ADA3F59-A26F-4868-A9BD-4AD5A983EB89}.Release|Any CPU.ActiveCfg = Release|Any CPU
		{9ADA3F59-A26F-4868-A9BD-4AD5A983EB89}.Release|Any CPU.Build.0 = Release|Any CPU
		{9ADA3F59-A26F-4868-A9BD-4AD5A983EB89}.Release|ARM.ActiveCfg = Release|Any CPU
		{9ADA3F59-A26F-4868-A9BD-4AD5A983EB89}.Release|ARM.Build.0 = Release|Any CPU
		{9ADA3F59-A26F-4868-A9BD-4AD5A983EB89}.Release|ARM64.ActiveCfg = Release|Any CPU
		{9ADA3F59-A26F-4868-A9BD-4AD5A983EB89}.Release|ARM64.Build.0 = Release|Any CPU
		{9ADA3F59-A26F-4868-A9BD-4AD5A983EB89}.Release|x64.ActiveCfg = Release|Any CPU
		{9ADA3F59-A26F-4868-A9BD-4AD5A983EB89}.Release|x64.Build.0 = Release|Any CPU
		{9ADA3F59-A26F-4868-A9BD-4AD5A983EB89}.Release|x86.ActiveCfg = Release|Any CPU
		{9ADA3F59-A26F-4868-A9BD-4AD5A983EB89}.Release|x86.Build.0 = Release|Any CPU
		{9F8F06B1-200C-43FB-8870-AE08BB611224}.Debug|Any CPU.ActiveCfg = Debug|Any CPU
		{9F8F06B1-200C-43FB-8870-AE08BB611224}.Debug|Any CPU.Build.0 = Debug|Any CPU
		{9F8F06B1-200C-43FB-8870-AE08BB611224}.Debug|ARM.ActiveCfg = Debug|Any CPU
		{9F8F06B1-200C-43FB-8870-AE08BB611224}.Debug|ARM.Build.0 = Debug|Any CPU
		{9F8F06B1-200C-43FB-8870-AE08BB611224}.Debug|ARM64.ActiveCfg = Debug|Any CPU
		{9F8F06B1-200C-43FB-8870-AE08BB611224}.Debug|ARM64.Build.0 = Debug|Any CPU
		{9F8F06B1-200C-43FB-8870-AE08BB611224}.Debug|x64.ActiveCfg = Debug|Any CPU
		{9F8F06B1-200C-43FB-8870-AE08BB611224}.Debug|x64.Build.0 = Debug|Any CPU
		{9F8F06B1-200C-43FB-8870-AE08BB611224}.Debug|x86.ActiveCfg = Debug|Any CPU
		{9F8F06B1-200C-43FB-8870-AE08BB611224}.Debug|x86.Build.0 = Debug|Any CPU
		{9F8F06B1-200C-43FB-8870-AE08BB611224}.Release|Any CPU.ActiveCfg = Release|Any CPU
		{9F8F06B1-200C-43FB-8870-AE08BB611224}.Release|Any CPU.Build.0 = Release|Any CPU
		{9F8F06B1-200C-43FB-8870-AE08BB611224}.Release|ARM.ActiveCfg = Release|Any CPU
		{9F8F06B1-200C-43FB-8870-AE08BB611224}.Release|ARM.Build.0 = Release|Any CPU
		{9F8F06B1-200C-43FB-8870-AE08BB611224}.Release|ARM64.ActiveCfg = Release|Any CPU
		{9F8F06B1-200C-43FB-8870-AE08BB611224}.Release|ARM64.Build.0 = Release|Any CPU
		{9F8F06B1-200C-43FB-8870-AE08BB611224}.Release|x64.ActiveCfg = Release|Any CPU
		{9F8F06B1-200C-43FB-8870-AE08BB611224}.Release|x64.Build.0 = Release|Any CPU
		{9F8F06B1-200C-43FB-8870-AE08BB611224}.Release|x86.ActiveCfg = Release|Any CPU
		{9F8F06B1-200C-43FB-8870-AE08BB611224}.Release|x86.Build.0 = Release|Any CPU
		{4F85827C-35F4-420D-AA48-BC16BF353583}.Debug|Any CPU.ActiveCfg = Debug|x64
		{4F85827C-35F4-420D-AA48-BC16BF353583}.Debug|Any CPU.Build.0 = Debug|x64
		{4F85827C-35F4-420D-AA48-BC16BF353583}.Debug|Any CPU.Deploy.0 = Debug|x64
		{4F85827C-35F4-420D-AA48-BC16BF353583}.Debug|ARM.ActiveCfg = Debug|ARM
		{4F85827C-35F4-420D-AA48-BC16BF353583}.Debug|ARM.Build.0 = Debug|ARM
		{4F85827C-35F4-420D-AA48-BC16BF353583}.Debug|ARM.Deploy.0 = Debug|ARM
		{4F85827C-35F4-420D-AA48-BC16BF353583}.Debug|ARM64.ActiveCfg = Debug|ARM64
		{4F85827C-35F4-420D-AA48-BC16BF353583}.Debug|ARM64.Build.0 = Debug|ARM64
		{4F85827C-35F4-420D-AA48-BC16BF353583}.Debug|ARM64.Deploy.0 = Debug|ARM64
		{4F85827C-35F4-420D-AA48-BC16BF353583}.Debug|x64.ActiveCfg = Debug|x64
		{4F85827C-35F4-420D-AA48-BC16BF353583}.Debug|x64.Build.0 = Debug|x64
		{4F85827C-35F4-420D-AA48-BC16BF353583}.Debug|x64.Deploy.0 = Debug|x64
		{4F85827C-35F4-420D-AA48-BC16BF353583}.Debug|x86.ActiveCfg = Debug|x86
		{4F85827C-35F4-420D-AA48-BC16BF353583}.Debug|x86.Build.0 = Debug|x86
		{4F85827C-35F4-420D-AA48-BC16BF353583}.Debug|x86.Deploy.0 = Debug|x86
		{4F85827C-35F4-420D-AA48-BC16BF353583}.Release|Any CPU.ActiveCfg = Release|x64
		{4F85827C-35F4-420D-AA48-BC16BF353583}.Release|Any CPU.Build.0 = Release|x64
		{4F85827C-35F4-420D-AA48-BC16BF353583}.Release|Any CPU.Deploy.0 = Release|x64
		{4F85827C-35F4-420D-AA48-BC16BF353583}.Release|ARM.ActiveCfg = Release|ARM
		{4F85827C-35F4-420D-AA48-BC16BF353583}.Release|ARM.Build.0 = Release|ARM
		{4F85827C-35F4-420D-AA48-BC16BF353583}.Release|ARM.Deploy.0 = Release|ARM
		{4F85827C-35F4-420D-AA48-BC16BF353583}.Release|ARM64.ActiveCfg = Release|ARM64
		{4F85827C-35F4-420D-AA48-BC16BF353583}.Release|ARM64.Build.0 = Release|ARM64
		{4F85827C-35F4-420D-AA48-BC16BF353583}.Release|ARM64.Deploy.0 = Release|ARM64
		{4F85827C-35F4-420D-AA48-BC16BF353583}.Release|x64.ActiveCfg = Release|x64
		{4F85827C-35F4-420D-AA48-BC16BF353583}.Release|x64.Build.0 = Release|x64
		{4F85827C-35F4-420D-AA48-BC16BF353583}.Release|x64.Deploy.0 = Release|x64
		{4F85827C-35F4-420D-AA48-BC16BF353583}.Release|x86.ActiveCfg = Release|x86
		{4F85827C-35F4-420D-AA48-BC16BF353583}.Release|x86.Build.0 = Release|x86
		{4F85827C-35F4-420D-AA48-BC16BF353583}.Release|x86.Deploy.0 = Release|x86
		{F5414A86-AD3E-424C-9897-C19A2FA3B182}.Debug|Any CPU.ActiveCfg = Debug|Any CPU
		{F5414A86-AD3E-424C-9897-C19A2FA3B182}.Debug|Any CPU.Build.0 = Debug|Any CPU
		{F5414A86-AD3E-424C-9897-C19A2FA3B182}.Debug|ARM.ActiveCfg = Debug|Any CPU
		{F5414A86-AD3E-424C-9897-C19A2FA3B182}.Debug|ARM.Build.0 = Debug|Any CPU
		{F5414A86-AD3E-424C-9897-C19A2FA3B182}.Debug|ARM64.ActiveCfg = Debug|Any CPU
		{F5414A86-AD3E-424C-9897-C19A2FA3B182}.Debug|ARM64.Build.0 = Debug|Any CPU
		{F5414A86-AD3E-424C-9897-C19A2FA3B182}.Debug|x64.ActiveCfg = Debug|Any CPU
		{F5414A86-AD3E-424C-9897-C19A2FA3B182}.Debug|x64.Build.0 = Debug|Any CPU
		{F5414A86-AD3E-424C-9897-C19A2FA3B182}.Debug|x86.ActiveCfg = Debug|Any CPU
		{F5414A86-AD3E-424C-9897-C19A2FA3B182}.Debug|x86.Build.0 = Debug|Any CPU
		{F5414A86-AD3E-424C-9897-C19A2FA3B182}.Release|Any CPU.ActiveCfg = Release|Any CPU
		{F5414A86-AD3E-424C-9897-C19A2FA3B182}.Release|Any CPU.Build.0 = Release|Any CPU
		{F5414A86-AD3E-424C-9897-C19A2FA3B182}.Release|ARM.ActiveCfg = Release|Any CPU
		{F5414A86-AD3E-424C-9897-C19A2FA3B182}.Release|ARM.Build.0 = Release|Any CPU
		{F5414A86-AD3E-424C-9897-C19A2FA3B182}.Release|ARM64.ActiveCfg = Release|Any CPU
		{F5414A86-AD3E-424C-9897-C19A2FA3B182}.Release|ARM64.Build.0 = Release|Any CPU
		{F5414A86-AD3E-424C-9897-C19A2FA3B182}.Release|x64.ActiveCfg = Release|Any CPU
		{F5414A86-AD3E-424C-9897-C19A2FA3B182}.Release|x64.Build.0 = Release|Any CPU
		{F5414A86-AD3E-424C-9897-C19A2FA3B182}.Release|x86.ActiveCfg = Release|Any CPU
		{F5414A86-AD3E-424C-9897-C19A2FA3B182}.Release|x86.Build.0 = Release|Any CPU
	EndGlobalSection
	GlobalSection(SolutionProperties) = preSolution
		HideSolutionNode = FALSE
	EndGlobalSection
	GlobalSection(ExtensibilityGlobals) = postSolution
		SolutionGuid = {35F96A0A-E792-4E19-B088-B7A7268E8620}
	EndGlobalSection
EndGlobal
